
Microsoft Visual Studio Solution File, Format Version 12.00
# Visual Studio Version 17
VisualStudioVersion = 17.11.35222.181
MinimumVisualStudioVersion = 10.0.40219.1
Project("{FAE04EC0-301F-11D3-BF4B-00C04F79EFBC}") = "Singletonexample24", "Singletonexample24\Singletonexample24.csproj", "{289AA75B-D33E-4C4B-89E9-884527C4207D}"
EndProject
Global
	GlobalSection(SolutionConfigurationPlatforms) = preSolution
		Debug|Any CPU = Debug|Any CPU
		Release|Any CPU = Release|Any CPU
	EndGlobalSection
	GlobalSection(ProjectConfigurationPlatforms) = postSolution
		{289AA75B-D33E-4C4B-89E9-884527C4207D}.Debug|Any CPU.ActiveCfg = Debug|Any CPU
		{289AA75B-D33E-4C4B-89E9-884527C4207D}.Debug|Any CPU.Build.0 = Debug|Any CPU
		{289AA75B-D33E-4C4B-89E9-884527C4207D}.Release|Any CPU.ActiveCfg = Release|Any CPU
		{289AA75B-D33E-4C4B-89E9-884527C4207D}.Release|Any CPU.Build.0 = Release|Any CPU
	EndGlobalSection
	GlobalSection(SolutionProperties) = preSolution
		HideSolutionNode = FALSE
	EndGlobalSection
	GlobalSection(ExtensibilityGlobals) = postSolution
		SolutionGuid = {C94E020C-AF1B-47AA-9C4D-33C5F2079840}
	EndGlobalSection
EndGlobal
